{
    "_readme": [
        "This file locks the dependencies of your project to a known state",
        "Read more about it at https://getcomposer.org/doc/01-basic-usage.md#composer-lock-the-lock-file",
        "This file is @generated automatically"
    ],
    "content-hash": "4b5b26e3307440dbfde5a15e8dd23573",
    "packages": [
        {
            "name": "predis/predis",
            "version": "v1.1.1",
            "source": {
                "type": "git",
                "url": "https://github.com/nrk/predis.git",
                "reference": "f0210e38881631afeafb56ab43405a92cafd9fd1"
            },
            "dist": {
                "type": "zip",
                "url": "https://api.github.com/repos/nrk/predis/zipball/f0210e38881631afeafb56ab43405a92cafd9fd1",
                "reference": "f0210e38881631afeafb56ab43405a92cafd9fd1",
                "shasum": ""
            },
            "require": {
                "php": ">=5.3.9"
            },
            "require-dev": {
                "phpunit/phpunit": "~4.8"
            },
            "suggest": {
                "ext-curl": "Allows access to Webdis when paired with phpiredis",
                "ext-phpiredis": "Allows faster serialization and deserialization of the Redis protocol"
            },
            "type": "library",
            "autoload": {
                "psr-4": {
                    "Predis\\": "src/"
                }
            },
            "notification-url": "https://packagist.org/downloads/",
            "license": [
                "MIT"
            ],
            "authors": [
                {
                    "name": "Daniele Alessandri",
                    "email": "suppakilla@gmail.com",
                    "homepage": "http://clorophilla.net"
                }
            ],
            "description": "Flexible and feature-complete Redis client for PHP and HHVM",
            "homepage": "http://github.com/nrk/predis",
            "keywords": [
                "nosql",
                "predis",
                "redis"
            ],
            "time": "2016-06-16T16:22:20+00:00"
        },
        {
            "name": "psr/log",
            "version": "1.0.2",
            "source": {
                "type": "git",
                "url": "https://github.com/php-fig/log.git",
                "reference": "4ebe3a8bf773a19edfe0a84b6585ba3d401b724d"
            },
            "dist": {
                "type": "zip",
                "url": "https://api.github.com/repos/php-fig/log/zipball/4ebe3a8bf773a19edfe0a84b6585ba3d401b724d",
                "reference": "4ebe3a8bf773a19edfe0a84b6585ba3d401b724d",
                "shasum": ""
            },
            "require": {
                "php": ">=5.3.0"
            },
            "type": "library",
            "extra": {
                "branch-alias": {
                    "dev-master": "1.0.x-dev"
                }
            },
            "autoload": {
                "psr-4": {
                    "Psr\\Log\\": "Psr/Log/"
                }
            },
            "notification-url": "https://packagist.org/downloads/",
            "license": [
                "MIT"
            ],
            "authors": [
                {
                    "name": "PHP-FIG",
                    "homepage": "http://www.php-fig.org/"
                }
            ],
            "description": "Common interface for logging libraries",
            "homepage": "https://github.com/php-fig/log",
            "keywords": [
                "log",
                "psr",
                "psr-3"
            ],
            "time": "2016-10-10T12:19:37+00:00"
        },
        {
            "name": "rybakit/msgpack",
            "version": "v0.1.0",
            "source": {
                "type": "git",
                "url": "https://github.com/rybakit/msgpack.php.git",
                "reference": "7ae17f9936ccc13285feaab67ad13c6cb2d516d8"
            },
            "dist": {
                "type": "zip",
                "url": "https://api.github.com/repos/rybakit/msgpack.php/zipball/7ae17f9936ccc13285feaab67ad13c6cb2d516d8",
                "reference": "7ae17f9936ccc13285feaab67ad13c6cb2d516d8",
                "shasum": ""
            },
            "require": {
                "php": ">=5.4.0"
            },
            "type": "library",
            "autoload": {
                "psr-4": {
                    "MessagePack\\": "src/"
                }
            },
            "notification-url": "https://packagist.org/downloads/",
            "license": [
                "MIT"
            ],
            "authors": [
                {
                    "name": "Eugene Leonovich",
                    "email": "gen.work@gmail.com"
                }
            ],
            "description": "A pure PHP implementation of the MessagePack serialization format.",
            "keywords": [
                "messagepack",
                "msgpack",
                "pure",
                "streaming"
            ],
            "time": "2015-12-22T09:46:41+00:00"
        },
        {
            "name": "shakahl/socket.io-php-emitter",
            "version": "0.1.1",
            "source": {
                "type": "git",
                "url": "https://github.com/shakahl/socket.io-php-emitter.git",
                "reference": "b283c0a4d836f5a290952d324956f86b3ddeebd2"
            },
            "dist": {
                "type": "zip",
                "url": "https://api.github.com/repos/shakahl/socket.io-php-emitter/zipball/b283c0a4d836f5a290952d324956f86b3ddeebd2",
                "reference": "b283c0a4d836f5a290952d324956f86b3ddeebd2",
                "shasum": ""
            },
            "require": {
                "php": ">=5.6.4",
                "predis/predis": "^1.0",
                "rybakit/msgpack": "^0.1.0"
            },
            "type": "library",
            "autoload": {
                "psr-4": {
                    "Shakahl\\SocketIO\\": "src/"
                }
            },
            "notification-url": "https://packagist.org/downloads/",
            "license": [
                "MIT"
            ],
            "authors": [
                {
                    "name": "Anton Pavlov",
                    "email": "anton.pavlov.it@gmail.com"
                },
                {
                    "name": "Soma Szelpal",
                    "email": "szelpalsoma@gmail.com"
                }
            ],
            "description": "PHP socket.io event emitter",
            "time": "2016-11-08T01:35:23+00:00"
        },
        {
            "name": "touskar/php-socket-io-event-emitter",
            "version": "dev-master",
            "source": {
                "type": "git",
                "url": "https://github.com/touskar/php-socket-io-event-emitter.git",
                "reference": "5751abdc7719fc65528f92f859c94f296848d1f7"
            },
            "dist": {
                "type": "zip",
                "url": "https://api.github.com/repos/touskar/php-socket-io-event-emitter/zipball/5751abdc7719fc65528f92f859c94f296848d1f7",
                "reference": "5751abdc7719fc65528f92f859c94f296848d1f7",
                "shasum": ""
            },
            "type": "library",
            "notification-url": "https://packagist.org/downloads/",
            "authors": [
                {
                    "name": "Moussa Ndour",
                    "email": "moussa_ndour@hotmail.fr"
                }
            ],
            "time": "2017-11-17T03:43:24+00:00"
        },
        {
            "name": "wisembly/elephant.io",
            "version": "v3.3.1",
            "source": {
                "type": "git",
                "url": "https://github.com/Wisembly/elephant.io.git",
                "reference": "9d56f409fe231a906af87005f83a135565632d3f"
            },
            "dist": {
                "type": "zip",
                "url": "https://api.github.com/repos/Wisembly/elephant.io/zipball/9d56f409fe231a906af87005f83a135565632d3f",
                "reference": "9d56f409fe231a906af87005f83a135565632d3f",
                "shasum": ""
            },
            "require": {
                "php": ">=5.4.0",
                "psr/log": "~1.0"
            },
            "require-dev": {
                "phpunit/phpunit": "~4.0"
            },
            "type": "library",
            "autoload": {
                "psr-4": {
                    "ElephantIO\\": [
                        "src/",
                        "test/"
                    ]
                }
            },
            "notification-url": "https://packagist.org/downloads/",
            "license": [
                "MIT"
            ],
            "authors": [
                {
                    "name": "Baptiste Clavié",
                    "email": "baptiste@wisembly.com",
                    "homepage": "http://baptiste.xn--clavi-fsa.net/",
                    "role": "Maintainer"
                },
                {
                    "name": "Guillaume Potier",
                    "email": "guillaume@wisembly.com",
                    "role": "Maintainer"
                },
                {
                    "name": "Ludovic Barreca",
                    "email": "ludogp2@gmail.com",
                    "role": "Project Founder"
                },
                {
                    "name": "Elephant.IO Community",
                    "role": "Contributors :)"
                }
            ],
            "description": "Send events to a websocket real time engine though PHP",
            "homepage": "http://elephant.io",
            "keywords": [
                "dialog",
                "nodejs",
                "real time",
                "websocket"
            ],
            "time": "2017-09-10T20:38:38+00:00"
        },
        {
            "name": "workerman/phpsocket.io-emitter",
            "version": "v1.0.1",
            "source": {
                "type": "git",
                "url": "https://github.com/walkor/phpsocket.io-emitter.git",
                "reference": "f29b9a428209a4eb242ac25134c11375b78e73fd"
            },
            "dist": {
                "type": "zip",
                "url": "https://api.github.com/repos/walkor/phpsocket.io-emitter/zipball/f29b9a428209a4eb242ac25134c11375b78e73fd",
                "reference": "f29b9a428209a4eb242ac25134c11375b78e73fd",
                "shasum": ""
            },
            "type": "project",
            "autoload": {
                "psr-4": {
                    "": "./src"
                }
            },
            "notification-url": "https://packagist.org/downloads/",
            "license": [
                "MIT"
            ],
            "homepage": "http://www.workerman.net",
            "time": "2016-06-14T09:10:26+00:00"
        }
    ],
    "packages-dev": [],
    "aliases": [],
    "minimum-stability": "dev",
    "stability-flags": [],
    "prefer-stable": false,
    "prefer-lowest": false,
    "platform": [],
    "platform-dev": []
}
